
Microsoft Visual Studio Solution File, Format Version 12.00
# Visual Studio 14
VisualStudioVersion = 14.0.25123.0
MinimumVisualStudioVersion = 10.0.40219.1
Project("{FAE04EC0-301F-11D3-BF4B-00C04F79EFBC}") = "GeekQuiz", "GeekQuiz\GeekQuiz.csproj", "{B8E1A65A-3318-46E2-94C5-CB84F28E388F}"
EndProject
Project("{FAE04EC0-301F-11D3-BF4B-00C04F79EFBC}") = "GeekQuiz.Tests", "GeekQuiz.Tests\GeekQuiz.Tests.csproj", "{496061CB-2BAD-4568-A669-560CE2793589}"
EndProject
Global
	GlobalSection(SolutionConfigurationPlatforms) = preSolution
		Debug|Any CPU = Debug|Any CPU
		Release|Any CPU = Release|Any CPU
	EndGlobalSection
	GlobalSection(ProjectConfigurationPlatforms) = postSolution
		{B8E1A65A-3318-46E2-94C5-CB84F28E388F}.Debug|Any CPU.ActiveCfg = Debug|Any CPU
		{B8E1A65A-3318-46E2-94C5-CB84F28E388F}.Debug|Any CPU.Build.0 = Debug|Any CPU
		{B8E1A65A-3318-46E2-94C5-CB84F28E388F}.Release|Any CPU.ActiveCfg = Release|Any CPU
		{B8E1A65A-3318-46E2-94C5-CB84F28E388F}.Release|Any CPU.Build.0 = Release|Any CPU
		{496061CB-2BAD-4568-A669-560CE2793589}.Debug|Any CPU.ActiveCfg = Debug|Any CPU
		{496061CB-2BAD-4568-A669-560CE2793589}.Debug|Any CPU.Build.0 = Debug|Any CPU
		{496061CB-2BAD-4568-A669-560CE2793589}.Release|Any CPU.ActiveCfg = Release|Any CPU
		{496061CB-2BAD-4568-A669-560CE2793589}.Release|Any CPU.Build.0 = Release|Any CPU
	EndGlobalSection
	GlobalSection(SolutionProperties) = preSolution
		HideSolutionNode = FALSE
	EndGlobalSection
EndGlobal
